
Microsoft Visual Studio Solution File, Format Version 12.00
# Visual Studio Version 16
VisualStudioVersion = 16.0.30330.147
MinimumVisualStudioVersion = 10.0.40219.1
Project("{8BC9CEB8-8B4A-11D0-8D11-00A0C91BC942}") = "miniproject", "miniproject\miniproject.vcxproj", "{5A59D096-C623-4ED7-87D6-2844C1B565B5}"
EndProject
Global
	GlobalSection(SolutionConfigurationPlatforms) = preSolution
		Debug|x64 = Debug|x64
		Debug|x86 = Debug|x86
		Release|x64 = Release|x64
		Release|x86 = Release|x86
	EndGlobalSection
	GlobalSection(ProjectConfigurationPlatforms) = postSolution
		{5A59D096-C623-4ED7-87D6-2844C1B565B5}.Debug|x64.ActiveCfg = Debug|x64
		{5A59D096-C623-4ED7-87D6-2844C1B565B5}.Debug|x64.Build.0 = Debug|x64
		{5A59D096-C623-4ED7-87D6-2844C1B565B5}.Debug|x86.ActiveCfg = Debug|Win32
		{5A59D096-C623-4ED7-87D6-2844C1B565B5}.Debug|x86.Build.0 = Debug|Win32
		{5A59D096-C623-4ED7-87D6-2844C1B565B5}.Release|x64.ActiveCfg = Release|x64
		{5A59D096-C623-4ED7-87D6-2844C1B565B5}.Release|x64.Build.0 = Release|x64
		{5A59D096-C623-4ED7-87D6-2844C1B565B5}.Release|x86.ActiveCfg = Release|Win32
		{5A59D096-C623-4ED7-87D6-2844C1B565B5}.Release|x86.Build.0 = Release|Win32
	EndGlobalSection
	GlobalSection(SolutionProperties) = preSolution
		HideSolutionNode = FALSE
	EndGlobalSection
	GlobalSection(ExtensibilityGlobals) = postSolution
		SolutionGuid = {E452E8A5-54A3-4EB5-B678-CC5F39739852}
	EndGlobalSection
EndGlobal
